// !$*UTF8*$!
{
	archiveVersion = 1;
	classes = {
	};
	objectVersion = 56;
	objects = {

/* Begin PBXBuildFile section */
		0C0D5EDA29534EA70034F6EB /* FirebaseFirestore in Frameworks */ = {isa = PBXBuildFile; productRef = 0C0D5ED929534EA70034F6EB /* FirebaseFirestore */; };
		0C0D5EDC2953515C0034F6EB /* FirebaseAnalyticsOnDeviceConversion in Frameworks */ = {isa = PBXBuildFile; productRef = 0C0D5EDB2953515C0034F6EB /* FirebaseAnalyticsOnDeviceConversion */; };
		0C0D5EDE2953517E0034F6EB /* FirebaseAnalyticsWithoutAdIdSupport in Frameworks */ = {isa = PBXBuildFile; productRef = 0C0D5EDD2953517E0034F6EB /* FirebaseAnalyticsWithoutAdIdSupport */; };
		0C0D5EE02953517E0034F6EB /* FirebaseAppCheck in Frameworks */ = {isa = PBXBuildFile; productRef = 0C0D5EDF2953517E0034F6EB /* FirebaseAppCheck */; };
		0C0D5EE22953517E0034F6EB /* FirebaseAppDistribution-Beta in Frameworks */ = {isa = PBXBuildFile; productRef = 0C0D5EE12953517E0034F6EB /* FirebaseAppDistribution-Beta */; };
		0C0D5EE42953517E0034F6EB /* FirebaseAuth in Frameworks */ = {isa = PBXBuildFile; productRef = 0C0D5EE32953517E0034F6EB /* FirebaseAuth */; };
		0C0D5EE62953517F0034F6EB /* FirebaseAuthCombine-Community in Frameworks */ = {isa = PBXBuildFile; productRef = 0C0D5EE52953517F0034F6EB /* FirebaseAuthCombine-Community */; };
		0C0D5EE82953517F0034F6EB /* FirebaseCrashlytics in Frameworks */ = {isa = PBXBuildFile; productRef = 0C0D5EE72953517F0034F6EB /* FirebaseCrashlytics */; };
		0C0D5EEA2953517F0034F6EB /* FirebaseDatabase in Frameworks */ = {isa = PBXBuildFile; productRef = 0C0D5EE92953517F0034F6EB /* FirebaseDatabase */; };
		0C0D5EEC2953517F0034F6EB /* FirebaseDatabaseSwift in Frameworks */ = {isa = PBXBuildFile; productRef = 0C0D5EEB2953517F0034F6EB /* FirebaseDatabaseSwift */; };
		0C0D5EEE2953517F0034F6EB /* FirebaseDynamicLinks in Frameworks */ = {isa = PBXBuildFile; productRef = 0C0D5EED2953517F0034F6EB /* FirebaseDynamicLinks */; };
		0C0D5EF02953517F0034F6EB /* FirebaseFirestoreCombine-Community in Frameworks */ = {isa = PBXBuildFile; productRef = 0C0D5EEF2953517F0034F6EB /* FirebaseFirestoreCombine-Community */; };
		0C0D5EF22953517F0034F6EB /* FirebaseFirestoreSwift in Frameworks */ = {isa = PBXBuildFile; productRef = 0C0D5EF12953517F0034F6EB /* FirebaseFirestoreSwift */; };
		0C0D5EF42953517F0034F6EB /* FirebaseFunctions in Frameworks */ = {isa = PBXBuildFile; productRef = 0C0D5EF32953517F0034F6EB /* FirebaseFunctions */; };
		0C0D5EF62953517F0034F6EB /* FirebaseFunctionsCombine-Community in Frameworks */ = {isa = PBXBuildFile; productRef = 0C0D5EF52953517F0034F6EB /* FirebaseFunctionsCombine-Community */; };
		0C0D5EF82953517F0034F6EB /* FirebaseInAppMessaging-Beta in Frameworks */ = {isa = PBXBuildFile; productRef = 0C0D5EF72953517F0034F6EB /* FirebaseInAppMessaging-Beta */; };
		0C0D5EFA2953517F0034F6EB /* FirebaseInAppMessagingSwift-Beta in Frameworks */ = {isa = PBXBuildFile; productRef = 0C0D5EF92953517F0034F6EB /* FirebaseInAppMessagingSwift-Beta */; };
		0C0D5EFC2953517F0034F6EB /* FirebaseInstallations in Frameworks */ = {isa = PBXBuildFile; productRef = 0C0D5EFB2953517F0034F6EB /* FirebaseInstallations */; };
		0C0D5EFE2953517F0034F6EB /* FirebaseMessaging in Frameworks */ = {isa = PBXBuildFile; productRef = 0C0D5EFD2953517F0034F6EB /* FirebaseMessaging */; };
		0C0D5F00295351800034F6EB /* FirebaseMLModelDownloader in Frameworks */ = {isa = PBXBuildFile; productRef = 0C0D5EFF295351800034F6EB /* FirebaseMLModelDownloader */; };
		0C0D5F02295351800034F6EB /* FirebasePerformance in Frameworks */ = {isa = PBXBuildFile; productRef = 0C0D5F01295351800034F6EB /* FirebasePerformance */; };
		0C0D5F04295351800034F6EB /* FirebaseRemoteConfig in Frameworks */ = {isa = PBXBuildFile; productRef = 0C0D5F03295351800034F6EB /* FirebaseRemoteConfig */; };
		0C0D5F06295351800034F6EB /* FirebaseRemoteConfigSwift in Frameworks */ = {isa = PBXBuildFile; productRef = 0C0D5F05295351800034F6EB /* FirebaseRemoteConfigSwift */; };
		0C0D5F08295351800034F6EB /* FirebaseStorageCombine-Community in Frameworks */ = {isa = PBXBuildFile; productRef = 0C0D5F07295351800034F6EB /* FirebaseStorageCombine-Community */; };
		0C21B27A2951C56D005236DA /* SignUpViewController.swift in Sources */ = {isa = PBXBuildFile; fileRef = 0C21B2792951C56D005236DA /* SignUpViewController.swift */; };
		0C21B27C2951D548005236DA /* SignInHelper.swift in Sources */ = {isa = PBXBuildFile; fileRef = 0C21B27B2951D548005236DA /* SignInHelper.swift */; };
		0C818094295105A8003829D8 /* AppDelegate.swift in Sources */ = {isa = PBXBuildFile; fileRef = 0C818093295105A8003829D8 /* AppDelegate.swift */; };
		0C818096295105A8003829D8 /* SceneDelegate.swift in Sources */ = {isa = PBXBuildFile; fileRef = 0C818095295105A8003829D8 /* SceneDelegate.swift */; };
		0C818098295105A8003829D8 /* SignInViewController.swift in Sources */ = {isa = PBXBuildFile; fileRef = 0C818097295105A8003829D8 /* SignInViewController.swift */; };
		0C81809B295105A8003829D8 /* Main.storyboard in Resources */ = {isa = PBXBuildFile; fileRef = 0C818099295105A8003829D8 /* Main.storyboard */; };
		0C81809D295105AB003829D8 /* Assets.xcassets in Resources */ = {isa = PBXBuildFile; fileRef = 0C81809C295105AB003829D8 /* Assets.xcassets */; };
		0C8180A0295105AB003829D8 /* LaunchScreen.storyboard in Resources */ = {isa = PBXBuildFile; fileRef = 0C81809E295105AB003829D8 /* LaunchScreen.storyboard */; };
		0C8180AB295105AC003829D8 /* FitJourneyTests.swift in Sources */ = {isa = PBXBuildFile; fileRef = 0C8180AA295105AC003829D8 /* FitJourneyTests.swift */; };
		0C8180B5295105AC003829D8 /* FitJourneyUITests.swift in Sources */ = {isa = PBXBuildFile; fileRef = 0C8180B4295105AC003829D8 /* FitJourneyUITests.swift */; };
		0C8180B7295105AC003829D8 /* FitJourneyUITestsLaunchTests.swift in Sources */ = {isa = PBXBuildFile; fileRef = 0C8180B6295105AC003829D8 /* FitJourneyUITestsLaunchTests.swift */; };
		0C8180C42951154A003829D8 /* GoogleService-Info.plist in Resources */ = {isa = PBXBuildFile; fileRef = 0C8180C329511549003829D8 /* GoogleService-Info.plist */; };
		0C8180C7295116A6003829D8 /* FirebaseAnalytics in Frameworks */ = {isa = PBXBuildFile; productRef = 0C8180C6295116A6003829D8 /* FirebaseAnalytics */; };
		0C8180C9295116A6003829D8 /* FirebaseAnalyticsSwift in Frameworks */ = {isa = PBXBuildFile; productRef = 0C8180C8295116A6003829D8 /* FirebaseAnalyticsSwift */; };
		0CA578922951DACD005279D6 /* SignUpHelper.swift in Sources */ = {isa = PBXBuildFile; fileRef = 0CA578912951DACD005279D6 /* SignUpHelper.swift */; };
		0CA578942951DAEE005279D6 /* SignUpDelegate.swift in Sources */ = {isa = PBXBuildFile; fileRef = 0CA578932951DAEE005279D6 /* SignUpDelegate.swift */; };
		0CA578962951E0F1005279D6 /* SignInDelegate.swift in Sources */ = {isa = PBXBuildFile; fileRef = 0CA578952951E0F1005279D6 /* SignInDelegate.swift */; };
		0CCD3EF12953431200E54A04 /* FirebaseStorage in Frameworks */ = {isa = PBXBuildFile; productRef = 0CCD3EF02953431200E54A04 /* FirebaseStorage */; };
		0CCD3EF3295346CE00E54A04 /* User.swift in Sources */ = {isa = PBXBuildFile; fileRef = 0CCD3EF2295346CE00E54A04 /* User.swift */; };
		81496E76C38CEBE52D9410DE /* Pods_FitJourney_FitJourneyUITests.framework in Frameworks */ = {isa = PBXBuildFile; fileRef = 777C544B6E2AAE9B40850940 /* Pods_FitJourney_FitJourneyUITests.framework */; };
		A45EA6CA29987C70D78ED556 /* Pods_FitJourney.framework in Frameworks */ = {isa = PBXBuildFile; fileRef = 17441DD43FBDD3A5A6ED2494 /* Pods_FitJourney.framework */; };
		EAE55C97C027B4BA13ED2245 /* Pods_FitJourneyTests.framework in Frameworks */ = {isa = PBXBuildFile; fileRef = 9BD057ADC121703A6A434826 /* Pods_FitJourneyTests.framework */; };
/* End PBXBuildFile section */

/* Begin PBXContainerItemProxy section */
		0C8180A7295105AC003829D8 /* PBXContainerItemProxy */ = {
			isa = PBXContainerItemProxy;
			containerPortal = 0C818088295105A7003829D8 /* Project object */;
			proxyType = 1;
			remoteGlobalIDString = 0C81808F295105A7003829D8;
			remoteInfo = FitJourney;
		};
		0C8180B1295105AC003829D8 /* PBXContainerItemProxy */ = {
			isa = PBXContainerItemProxy;
			containerPortal = 0C818088295105A7003829D8 /* Project object */;
			proxyType = 1;
			remoteGlobalIDString = 0C81808F295105A7003829D8;
			remoteInfo = FitJourney;
		};
/* End PBXContainerItemProxy section */

/* Begin PBXFileReference section */
		09AE7ED1205FA904894518F0 /* Pods-FitJourneyTests.debug.xcconfig */ = {isa = PBXFileReference; includeInIndex = 1; lastKnownFileType = text.xcconfig; name = "Pods-FitJourneyTests.debug.xcconfig"; path = "Target Support Files/Pods-FitJourneyTests/Pods-FitJourneyTests.debug.xcconfig"; sourceTree = "<group>"; };
		0C21B2792951C56D005236DA /* SignUpViewController.swift */ = {isa = PBXFileReference; lastKnownFileType = sourcecode.swift; path = SignUpViewController.swift; sourceTree = "<group>"; };
		0C21B27B2951D548005236DA /* SignInHelper.swift */ = {isa = PBXFileReference; lastKnownFileType = sourcecode.swift; path = SignInHelper.swift; sourceTree = "<group>"; };
		0C818090295105A8003829D8 /* FitJourney.app */ = {isa = PBXFileReference; explicitFileType = wrapper.application; includeInIndex = 0; path = FitJourney.app; sourceTree = BUILT_PRODUCTS_DIR; };
		0C818093295105A8003829D8 /* AppDelegate.swift */ = {isa = PBXFileReference; lastKnownFileType = sourcecode.swift; path = AppDelegate.swift; sourceTree = "<group>"; };
		0C818095295105A8003829D8 /* SceneDelegate.swift */ = {isa = PBXFileReference; lastKnownFileType = sourcecode.swift; path = SceneDelegate.swift; sourceTree = "<group>"; };
		0C818097295105A8003829D8 /* SignInViewController.swift */ = {isa = PBXFileReference; lastKnownFileType = sourcecode.swift; path = SignInViewController.swift; sourceTree = "<group>"; };
		0C81809A295105A8003829D8 /* Base */ = {isa = PBXFileReference; lastKnownFileType = file.storyboard; name = Base; path = Base.lproj/Main.storyboard; sourceTree = "<group>"; };
		0C81809C295105AB003829D8 /* Assets.xcassets */ = {isa = PBXFileReference; lastKnownFileType = folder.assetcatalog; path = Assets.xcassets; sourceTree = "<group>"; };
		0C81809F295105AB003829D8 /* Base */ = {isa = PBXFileReference; lastKnownFileType = file.storyboard; name = Base; path = Base.lproj/LaunchScreen.storyboard; sourceTree = "<group>"; };
		0C8180A1295105AB003829D8 /* Info.plist */ = {isa = PBXFileReference; lastKnownFileType = text.plist.xml; path = Info.plist; sourceTree = "<group>"; };
		0C8180A6295105AC003829D8 /* FitJourneyTests.xctest */ = {isa = PBXFileReference; explicitFileType = wrapper.cfbundle; includeInIndex = 0; path = FitJourneyTests.xctest; sourceTree = BUILT_PRODUCTS_DIR; };
		0C8180AA295105AC003829D8 /* FitJourneyTests.swift */ = {isa = PBXFileReference; lastKnownFileType = sourcecode.swift; path = FitJourneyTests.swift; sourceTree = "<group>"; };
		0C8180B0295105AC003829D8 /* FitJourneyUITests.xctest */ = {isa = PBXFileReference; explicitFileType = wrapper.cfbundle; includeInIndex = 0; path = FitJourneyUITests.xctest; sourceTree = BUILT_PRODUCTS_DIR; };
		0C8180B4295105AC003829D8 /* FitJourneyUITests.swift */ = {isa = PBXFileReference; lastKnownFileType = sourcecode.swift; path = FitJourneyUITests.swift; sourceTree = "<group>"; };
		0C8180B6295105AC003829D8 /* FitJourneyUITestsLaunchTests.swift */ = {isa = PBXFileReference; lastKnownFileType = sourcecode.swift; path = FitJourneyUITestsLaunchTests.swift; sourceTree = "<group>"; };
		0C8180C329511549003829D8 /* GoogleService-Info.plist */ = {isa = PBXFileReference; fileEncoding = 4; lastKnownFileType = text.plist.xml; path = "GoogleService-Info.plist"; sourceTree = "<group>"; };
		0CA578912951DACD005279D6 /* SignUpHelper.swift */ = {isa = PBXFileReference; lastKnownFileType = sourcecode.swift; path = SignUpHelper.swift; sourceTree = "<group>"; };
		0CA578932951DAEE005279D6 /* SignUpDelegate.swift */ = {isa = PBXFileReference; lastKnownFileType = sourcecode.swift; path = SignUpDelegate.swift; sourceTree = "<group>"; };
		0CA578952951E0F1005279D6 /* SignInDelegate.swift */ = {isa = PBXFileReference; lastKnownFileType = sourcecode.swift; path = SignInDelegate.swift; sourceTree = "<group>"; };
		0CCD3EF2295346CE00E54A04 /* User.swift */ = {isa = PBXFileReference; lastKnownFileType = sourcecode.swift; path = User.swift; sourceTree = "<group>"; };
		16F69EE4EA6DB613C1D773D2 /* Pods-FitJourney-FitJourneyUITests.debug.xcconfig */ = {isa = PBXFileReference; includeInIndex = 1; lastKnownFileType = text.xcconfig; name = "Pods-FitJourney-FitJourneyUITests.debug.xcconfig"; path = "Target Support Files/Pods-FitJourney-FitJourneyUITests/Pods-FitJourney-FitJourneyUITests.debug.xcconfig"; sourceTree = "<group>"; };
		17441DD43FBDD3A5A6ED2494 /* Pods_FitJourney.framework */ = {isa = PBXFileReference; explicitFileType = wrapper.framework; includeInIndex = 0; path = Pods_FitJourney.framework; sourceTree = BUILT_PRODUCTS_DIR; };
		46CA33BD5B1DDC96340E1365 /* Pods-FitJourney.debug.xcconfig */ = {isa = PBXFileReference; includeInIndex = 1; lastKnownFileType = text.xcconfig; name = "Pods-FitJourney.debug.xcconfig"; path = "Target Support Files/Pods-FitJourney/Pods-FitJourney.debug.xcconfig"; sourceTree = "<group>"; };
		72DFE31FCB5D8D8FEF93E178 /* Pods-FitJourney-FitJourneyUITests.release.xcconfig */ = {isa = PBXFileReference; includeInIndex = 1; lastKnownFileType = text.xcconfig; name = "Pods-FitJourney-FitJourneyUITests.release.xcconfig"; path = "Target Support Files/Pods-FitJourney-FitJourneyUITests/Pods-FitJourney-FitJourneyUITests.release.xcconfig"; sourceTree = "<group>"; };
		777C544B6E2AAE9B40850940 /* Pods_FitJourney_FitJourneyUITests.framework */ = {isa = PBXFileReference; explicitFileType = wrapper.framework; includeInIndex = 0; path = Pods_FitJourney_FitJourneyUITests.framework; sourceTree = BUILT_PRODUCTS_DIR; };
		8C2F20332D0A58D3068C85DA /* Pods-FitJourney.release.xcconfig */ = {isa = PBXFileReference; includeInIndex = 1; lastKnownFileType = text.xcconfig; name = "Pods-FitJourney.release.xcconfig"; path = "Target Support Files/Pods-FitJourney/Pods-FitJourney.release.xcconfig"; sourceTree = "<group>"; };
		9BD057ADC121703A6A434826 /* Pods_FitJourneyTests.framework */ = {isa = PBXFileReference; explicitFileType = wrapper.framework; includeInIndex = 0; path = Pods_FitJourneyTests.framework; sourceTree = BUILT_PRODUCTS_DIR; };
		CAE9BCA61B3DD9CFC62A1E2F /* Pods-FitJourneyTests.release.xcconfig */ = {isa = PBXFileReference; includeInIndex = 1; lastKnownFileType = text.xcconfig; name = "Pods-FitJourneyTests.release.xcconfig"; path = "Target Support Files/Pods-FitJourneyTests/Pods-FitJourneyTests.release.xcconfig"; sourceTree = "<group>"; };
/* End PBXFileReference section */

/* Begin PBXFrameworksBuildPhase section */
		0C81808D295105A7003829D8 /* Frameworks */ = {
			isa = PBXFrameworksBuildPhase;
			buildActionMask = 2147483647;
			files = (
				0C0D5EEC2953517F0034F6EB /* FirebaseDatabaseSwift in Frameworks */,
				0C0D5EF22953517F0034F6EB /* FirebaseFirestoreSwift in Frameworks */,
				0C0D5EEA2953517F0034F6EB /* FirebaseDatabase in Frameworks */,
				0C0D5F00295351800034F6EB /* FirebaseMLModelDownloader in Frameworks */,
				0C0D5EFE2953517F0034F6EB /* FirebaseMessaging in Frameworks */,
				0C0D5EF42953517F0034F6EB /* FirebaseFunctions in Frameworks */,
				0C0D5EE02953517E0034F6EB /* FirebaseAppCheck in Frameworks */,
				0C0D5EE42953517E0034F6EB /* FirebaseAuth in Frameworks */,
				0C8180C9295116A6003829D8 /* FirebaseAnalyticsSwift in Frameworks */,
				0C0D5EDC2953515C0034F6EB /* FirebaseAnalyticsOnDeviceConversion in Frameworks */,
				0C8180C7295116A6003829D8 /* FirebaseAnalytics in Frameworks */,
				0CCD3EF12953431200E54A04 /* FirebaseStorage in Frameworks */,
				0C0D5EE62953517F0034F6EB /* FirebaseAuthCombine-Community in Frameworks */,
				0C0D5EFC2953517F0034F6EB /* FirebaseInstallations in Frameworks */,
				0C0D5EF62953517F0034F6EB /* FirebaseFunctionsCombine-Community in Frameworks */,
				0C0D5EF02953517F0034F6EB /* FirebaseFirestoreCombine-Community in Frameworks */,
				0C0D5EDE2953517E0034F6EB /* FirebaseAnalyticsWithoutAdIdSupport in Frameworks */,
				0C0D5F02295351800034F6EB /* FirebasePerformance in Frameworks */,
				0C0D5EDA29534EA70034F6EB /* FirebaseFirestore in Frameworks */,
				0C0D5EE82953517F0034F6EB /* FirebaseCrashlytics in Frameworks */,
				0C0D5EFA2953517F0034F6EB /* FirebaseInAppMessagingSwift-Beta in Frameworks */,
				0C0D5F06295351800034F6EB /* FirebaseRemoteConfigSwift in Frameworks */,
				0C0D5F08295351800034F6EB /* FirebaseStorageCombine-Community in Frameworks */,
				A45EA6CA29987C70D78ED556 /* Pods_FitJourney.framework in Frameworks */,
				0C0D5EE22953517E0034F6EB /* FirebaseAppDistribution-Beta in Frameworks */,
				0C0D5F04295351800034F6EB /* FirebaseRemoteConfig in Frameworks */,
				0C0D5EEE2953517F0034F6EB /* FirebaseDynamicLinks in Frameworks */,
				0C0D5EF82953517F0034F6EB /* FirebaseInAppMessaging-Beta in Frameworks */,
			);
			runOnlyForDeploymentPostprocessing = 0;
		};
		0C8180A3295105AC003829D8 /* Frameworks */ = {
			isa = PBXFrameworksBuildPhase;
			buildActionMask = 2147483647;
			files = (
				EAE55C97C027B4BA13ED2245 /* Pods_FitJourneyTests.framework in Frameworks */,
			);
			runOnlyForDeploymentPostprocessing = 0;
		};
		0C8180AD295105AC003829D8 /* Frameworks */ = {
			isa = PBXFrameworksBuildPhase;
			buildActionMask = 2147483647;
			files = (
				81496E76C38CEBE52D9410DE /* Pods_FitJourney_FitJourneyUITests.framework in Frameworks */,
			);
			runOnlyForDeploymentPostprocessing = 0;
		};
/* End PBXFrameworksBuildPhase section */

/* Begin PBXGroup section */
		0C21B2762951C1B5005236DA /* Model */ = {
			isa = PBXGroup;
			children = (
				0C21B27B2951D548005236DA /* SignInHelper.swift */,
				0CA578912951DACD005279D6 /* SignUpHelper.swift */,
				0CA578932951DAEE005279D6 /* SignUpDelegate.swift */,
				0CA578952951E0F1005279D6 /* SignInDelegate.swift */,
				0CCD3EF2295346CE00E54A04 /* User.swift */,
			);
			path = Model;
			sourceTree = "<group>";
		};
		0C21B2772951C1BF005236DA /* Controller */ = {
			isa = PBXGroup;
			children = (
				0C818097295105A8003829D8 /* SignInViewController.swift */,
				0C21B2792951C56D005236DA /* SignUpViewController.swift */,
			);
			path = Controller;
			sourceTree = "<group>";
		};
		0C21B2782951C1CA005236DA /* TableCells */ = {
			isa = PBXGroup;
			children = (
			);
			path = TableCells;
			sourceTree = "<group>";
		};
		0C818087295105A7003829D8 = {
			isa = PBXGroup;
			children = (
				0C818092295105A8003829D8 /* FitJourney */,
				0C8180A9295105AC003829D8 /* FitJourneyTests */,
				0C8180B3295105AC003829D8 /* FitJourneyUITests */,
				0C818091295105A8003829D8 /* Products */,
				19BAEA6A6E1BEF98E1031E37 /* Pods */,
				21B7E956EEDA60CF2087812C /* Frameworks */,
			);
			sourceTree = "<group>";
		};
		0C818091295105A8003829D8 /* Products */ = {
			isa = PBXGroup;
			children = (
				0C818090295105A8003829D8 /* FitJourney.app */,
				0C8180A6295105AC003829D8 /* FitJourneyTests.xctest */,
				0C8180B0295105AC003829D8 /* FitJourneyUITests.xctest */,
			);
			name = Products;
			sourceTree = "<group>";
		};
		0C818092295105A8003829D8 /* FitJourney */ = {
			isa = PBXGroup;
			children = (
				0C21B2782951C1CA005236DA /* TableCells */,
				0C21B2772951C1BF005236DA /* Controller */,
				0C21B2762951C1B5005236DA /* Model */,
				0C818093295105A8003829D8 /* AppDelegate.swift */,
				0C818095295105A8003829D8 /* SceneDelegate.swift */,
				0C818099295105A8003829D8 /* Main.storyboard */,
				0C81809C295105AB003829D8 /* Assets.xcassets */,
				0C8180C329511549003829D8 /* GoogleService-Info.plist */,
				0C81809E295105AB003829D8 /* LaunchScreen.storyboard */,
				0C8180A1295105AB003829D8 /* Info.plist */,
			);
			path = FitJourney;
			sourceTree = "<group>";
		};
		0C8180A9295105AC003829D8 /* FitJourneyTests */ = {
			isa = PBXGroup;
			children = (
				0C8180AA295105AC003829D8 /* FitJourneyTests.swift */,
			);
			path = FitJourneyTests;
			sourceTree = "<group>";
		};
		0C8180B3295105AC003829D8 /* FitJourneyUITests */ = {
			isa = PBXGroup;
			children = (
				0C8180B4295105AC003829D8 /* FitJourneyUITests.swift */,
				0C8180B6295105AC003829D8 /* FitJourneyUITestsLaunchTests.swift */,
			);
			path = FitJourneyUITests;
			sourceTree = "<group>";
		};
		19BAEA6A6E1BEF98E1031E37 /* Pods */ = {
			isa = PBXGroup;
			children = (
				46CA33BD5B1DDC96340E1365 /* Pods-FitJourney.debug.xcconfig */,
				8C2F20332D0A58D3068C85DA /* Pods-FitJourney.release.xcconfig */,
				16F69EE4EA6DB613C1D773D2 /* Pods-FitJourney-FitJourneyUITests.debug.xcconfig */,
				72DFE31FCB5D8D8FEF93E178 /* Pods-FitJourney-FitJourneyUITests.release.xcconfig */,
				09AE7ED1205FA904894518F0 /* Pods-FitJourneyTests.debug.xcconfig */,
				CAE9BCA61B3DD9CFC62A1E2F /* Pods-FitJourneyTests.release.xcconfig */,
			);
			path = Pods;
			sourceTree = "<group>";
		};
		21B7E956EEDA60CF2087812C /* Frameworks */ = {
			isa = PBXGroup;
			children = (
				17441DD43FBDD3A5A6ED2494 /* Pods_FitJourney.framework */,
				777C544B6E2AAE9B40850940 /* Pods_FitJourney_FitJourneyUITests.framework */,
				9BD057ADC121703A6A434826 /* Pods_FitJourneyTests.framework */,
			);
			name = Frameworks;
			sourceTree = "<group>";
		};
/* End PBXGroup section */

/* Begin PBXNativeTarget section */
		0C81808F295105A7003829D8 /* FitJourney */ = {
			isa = PBXNativeTarget;
			buildConfigurationList = 0C8180BA295105AC003829D8 /* Build configuration list for PBXNativeTarget "FitJourney" */;
			buildPhases = (
				1CCBDACC937709A1E3FC3F23 /* [CP] Check Pods Manifest.lock */,
				0C81808C295105A7003829D8 /* Sources */,
				0C81808D295105A7003829D8 /* Frameworks */,
				0C81808E295105A7003829D8 /* Resources */,
				48BE6468FAD2F7379BF07885 /* [CP] Embed Pods Frameworks */,
			);
			buildRules = (
			);
			dependencies = (
			);
			name = FitJourney;
			packageProductDependencies = (
				0C8180C6295116A6003829D8 /* FirebaseAnalytics */,
				0C8180C8295116A6003829D8 /* FirebaseAnalyticsSwift */,
				0CCD3EF02953431200E54A04 /* FirebaseStorage */,
				0C0D5ED929534EA70034F6EB /* FirebaseFirestore */,
				0C0D5EDB2953515C0034F6EB /* FirebaseAnalyticsOnDeviceConversion */,
				0C0D5EDD2953517E0034F6EB /* FirebaseAnalyticsWithoutAdIdSupport */,
				0C0D5EDF2953517E0034F6EB /* FirebaseAppCheck */,
				0C0D5EE12953517E0034F6EB /* FirebaseAppDistribution-Beta */,
				0C0D5EE32953517E0034F6EB /* FirebaseAuth */,
				0C0D5EE52953517F0034F6EB /* FirebaseAuthCombine-Community */,
				0C0D5EE72953517F0034F6EB /* FirebaseCrashlytics */,
				0C0D5EE92953517F0034F6EB /* FirebaseDatabase */,
				0C0D5EEB2953517F0034F6EB /* FirebaseDatabaseSwift */,
				0C0D5EED2953517F0034F6EB /* FirebaseDynamicLinks */,
				0C0D5EEF2953517F0034F6EB /* FirebaseFirestoreCombine-Community */,
				0C0D5EF12953517F0034F6EB /* FirebaseFirestoreSwift */,
				0C0D5EF32953517F0034F6EB /* FirebaseFunctions */,
				0C0D5EF52953517F0034F6EB /* FirebaseFunctionsCombine-Community */,
				0C0D5EF72953517F0034F6EB /* FirebaseInAppMessaging-Beta */,
				0C0D5EF92953517F0034F6EB /* FirebaseInAppMessagingSwift-Beta */,
				0C0D5EFB2953517F0034F6EB /* FirebaseInstallations */,
				0C0D5EFD2953517F0034F6EB /* FirebaseMessaging */,
				0C0D5EFF295351800034F6EB /* FirebaseMLModelDownloader */,
				0C0D5F01295351800034F6EB /* FirebasePerformance */,
				0C0D5F03295351800034F6EB /* FirebaseRemoteConfig */,
				0C0D5F05295351800034F6EB /* FirebaseRemoteConfigSwift */,
				0C0D5F07295351800034F6EB /* FirebaseStorageCombine-Community */,
			);
			productName = FitJourney;
			productReference = 0C818090295105A8003829D8 /* FitJourney.app */;
			productType = "com.apple.product-type.application";
		};
		0C8180A5295105AC003829D8 /* FitJourneyTests */ = {
			isa = PBXNativeTarget;
			buildConfigurationList = 0C8180BD295105AC003829D8 /* Build configuration list for PBXNativeTarget "FitJourneyTests" */;
			buildPhases = (
				85E3BAF9FF58350DC53848B0 /* [CP] Check Pods Manifest.lock */,
				0C8180A2295105AC003829D8 /* Sources */,
				0C8180A3295105AC003829D8 /* Frameworks */,
				0C8180A4295105AC003829D8 /* Resources */,
			);
			buildRules = (
			);
			dependencies = (
				0C8180A8295105AC003829D8 /* PBXTargetDependency */,
			);
			name = FitJourneyTests;
			productName = FitJourneyTests;
			productReference = 0C8180A6295105AC003829D8 /* FitJourneyTests.xctest */;
			productType = "com.apple.product-type.bundle.unit-test";
		};
		0C8180AF295105AC003829D8 /* FitJourneyUITests */ = {
			isa = PBXNativeTarget;
			buildConfigurationList = 0C8180C0295105AC003829D8 /* Build configuration list for PBXNativeTarget "FitJourneyUITests" */;
			buildPhases = (
				B294FE560F12323FDC65DBB9 /* [CP] Check Pods Manifest.lock */,
				0C8180AC295105AC003829D8 /* Sources */,
				0C8180AD295105AC003829D8 /* Frameworks */,
				0C8180AE295105AC003829D8 /* Resources */,
				AE86A97B03CE083F6DA2264B /* [CP] Embed Pods Frameworks */,
			);
			buildRules = (
			);
			dependencies = (
				0C8180B2295105AC003829D8 /* PBXTargetDependency */,
			);
			name = FitJourneyUITests;
			productName = FitJourneyUITests;
			productReference = 0C8180B0295105AC003829D8 /* FitJourneyUITests.xctest */;
			productType = "com.apple.product-type.bundle.ui-testing";
		};
/* End PBXNativeTarget section */

/* Begin PBXProject section */
		0C818088295105A7003829D8 /* Project object */ = {
			isa = PBXProject;
			attributes = {
				BuildIndependentTargetsInParallel = 1;
				LastSwiftUpdateCheck = 1410;
				LastUpgradeCheck = 1410;
				TargetAttributes = {
					0C81808F295105A7003829D8 = {
						CreatedOnToolsVersion = 14.1;
					};
					0C8180A5295105AC003829D8 = {
						CreatedOnToolsVersion = 14.1;
						TestTargetID = 0C81808F295105A7003829D8;
					};
					0C8180AF295105AC003829D8 = {
						CreatedOnToolsVersion = 14.1;
						TestTargetID = 0C81808F295105A7003829D8;
					};
				};
			};
			buildConfigurationList = 0C81808B295105A7003829D8 /* Build configuration list for PBXProject "FitJourney" */;
			compatibilityVersion = "Xcode 14.0";
			developmentRegion = en;
			hasScannedForEncodings = 0;
			knownRegions = (
				en,
				Base,
			);
			mainGroup = 0C818087295105A7003829D8;
			packageReferences = (
				0C8180C5295116A6003829D8 /* XCRemoteSwiftPackageReference "firebase-ios-sdk" */,
			);
			productRefGroup = 0C818091295105A8003829D8 /* Products */;
			projectDirPath = "";
			projectRoot = "";
			targets = (
				0C81808F295105A7003829D8 /* FitJourney */,
				0C8180A5295105AC003829D8 /* FitJourneyTests */,
				0C8180AF295105AC003829D8 /* FitJourneyUITests */,
			);
		};
/* End PBXProject section */

/* Begin PBXResourcesBuildPhase section */
		0C81808E295105A7003829D8 /* Resources */ = {
			isa = PBXResourcesBuildPhase;
			buildActionMask = 2147483647;
			files = (
				0C8180A0295105AB003829D8 /* LaunchScreen.storyboard in Resources */,
				0C8180C42951154A003829D8 /* GoogleService-Info.plist in Resources */,
				0C81809D295105AB003829D8 /* Assets.xcassets in Resources */,
				0C81809B295105A8003829D8 /* Main.storyboard in Resources */,
			);
			runOnlyForDeploymentPostprocessing = 0;
		};
		0C8180A4295105AC003829D8 /* Resources */ = {
			isa = PBXResourcesBuildPhase;
			buildActionMask = 2147483647;
			files = (
			);
			runOnlyForDeploymentPostprocessing = 0;
		};
		0C8180AE295105AC003829D8 /* Resources */ = {
			isa = PBXResourcesBuildPhase;
			buildActionMask = 2147483647;
			files = (
			);
			runOnlyForDeploymentPostprocessing = 0;
		};
/* End PBXResourcesBuildPhase section */

/* Begin PBXShellScriptBuildPhase section */
		1CCBDACC937709A1E3FC3F23 /* [CP] Check Pods Manifest.lock */ = {
			isa = PBXShellScriptBuildPhase;
			buildActionMask = 2147483647;
			files = (
			);
			inputFileListPaths = (
			);
			inputPaths = (
				"${PODS_PODFILE_DIR_PATH}/Podfile.lock",
				"${PODS_ROOT}/Manifest.lock",
			);
			name = "[CP] Check Pods Manifest.lock";
			outputFileListPaths = (
			);
			outputPaths = (
				"$(DERIVED_FILE_DIR)/Pods-FitJourney-checkManifestLockResult.txt",
			);
			runOnlyForDeploymentPostprocessing = 0;
			shellPath = /bin/sh;
			shellScript = "diff \"${PODS_PODFILE_DIR_PATH}/Podfile.lock\" \"${PODS_ROOT}/Manifest.lock\" > /dev/null\nif [ $? != 0 ] ; then\n    # print error to STDERR\n    echo \"error: The sandbox is not in sync with the Podfile.lock. Run 'pod install' or update your CocoaPods installation.\" >&2\n    exit 1\nfi\n# This output is used by Xcode 'outputs' to avoid re-running this script phase.\necho \"SUCCESS\" > \"${SCRIPT_OUTPUT_FILE_0}\"\n";
			showEnvVarsInLog = 0;
		};
		48BE6468FAD2F7379BF07885 /* [CP] Embed Pods Frameworks */ = {
			isa = PBXShellScriptBuildPhase;
			buildActionMask = 2147483647;
			files = (
			);
			inputFileListPaths = (
				"${PODS_ROOT}/Target Support Files/Pods-FitJourney/Pods-FitJourney-frameworks-${CONFIGURATION}-input-files.xcfilelist",
			);
			name = "[CP] Embed Pods Frameworks";
			outputFileListPaths = (
				"${PODS_ROOT}/Target Support Files/Pods-FitJourney/Pods-FitJourney-frameworks-${CONFIGURATION}-output-files.xcfilelist",
			);
			runOnlyForDeploymentPostprocessing = 0;
			shellPath = /bin/sh;
			shellScript = "\"${PODS_ROOT}/Target Support Files/Pods-FitJourney/Pods-FitJourney-frameworks.sh\"\n";
			showEnvVarsInLog = 0;
		};
		85E3BAF9FF58350DC53848B0 /* [CP] Check Pods Manifest.lock */ = {
			isa = PBXShellScriptBuildPhase;
			buildActionMask = 2147483647;
			files = (
			);
			inputFileListPaths = (
			);
			inputPaths = (
				"${PODS_PODFILE_DIR_PATH}/Podfile.lock",
				"${PODS_ROOT}/Manifest.lock",
			);
			name = "[CP] Check Pods Manifest.lock";
			outputFileListPaths = (
			);
			outputPaths = (
				"$(DERIVED_FILE_DIR)/Pods-FitJourneyTests-checkManifestLockResult.txt",
			);
			runOnlyForDeploymentPostprocessing = 0;
			shellPath = /bin/sh;
			shellScript = "diff \"${PODS_PODFILE_DIR_PATH}/Podfile.lock\" \"${PODS_ROOT}/Manifest.lock\" > /dev/null\nif [ $? != 0 ] ; then\n    # print error to STDERR\n    echo \"error: The sandbox is not in sync with the Podfile.lock. Run 'pod install' or update your CocoaPods installation.\" >&2\n    exit 1\nfi\n# This output is used by Xcode 'outputs' to avoid re-running this script phase.\necho \"SUCCESS\" > \"${SCRIPT_OUTPUT_FILE_0}\"\n";
			showEnvVarsInLog = 0;
		};
		AE86A97B03CE083F6DA2264B /* [CP] Embed Pods Frameworks */ = {
			isa = PBXShellScriptBuildPhase;
			buildActionMask = 2147483647;
			files = (
			);
			inputFileListPaths = (
				"${PODS_ROOT}/Target Support Files/Pods-FitJourney-FitJourneyUITests/Pods-FitJourney-FitJourneyUITests-frameworks-${CONFIGURATION}-input-files.xcfilelist",
			);
			name = "[CP] Embed Pods Frameworks";
			outputFileListPaths = (
				"${PODS_ROOT}/Target Support Files/Pods-FitJourney-FitJourneyUITests/Pods-FitJourney-FitJourneyUITests-frameworks-${CONFIGURATION}-output-files.xcfilelist",
			);
			runOnlyForDeploymentPostprocessing = 0;
			shellPath = /bin/sh;
			shellScript = "\"${PODS_ROOT}/Target Support Files/Pods-FitJourney-FitJourneyUITests/Pods-FitJourney-FitJourneyUITests-frameworks.sh\"\n";
			showEnvVarsInLog = 0;
		};
		B294FE560F12323FDC65DBB9 /* [CP] Check Pods Manifest.lock */ = {
			isa = PBXShellScriptBuildPhase;
			buildActionMask = 2147483647;
			files = (
			);
			inputFileListPaths = (
			);
			inputPaths = (
				"${PODS_PODFILE_DIR_PATH}/Podfile.lock",
				"${PODS_ROOT}/Manifest.lock",
			);
			name = "[CP] Check Pods Manifest.lock";
			outputFileListPaths = (
			);
			outputPaths = (
				"$(DERIVED_FILE_DIR)/Pods-FitJourney-FitJourneyUITests-checkManifestLockResult.txt",
			);
			runOnlyForDeploymentPostprocessing = 0;
			shellPath = /bin/sh;
			shellScript = "diff \"${PODS_PODFILE_DIR_PATH}/Podfile.lock\" \"${PODS_ROOT}/Manifest.lock\" > /dev/null\nif [ $? != 0 ] ; then\n    # print error to STDERR\n    echo \"error: The sandbox is not in sync with the Podfile.lock. Run 'pod install' or update your CocoaPods installation.\" >&2\n    exit 1\nfi\n# This output is used by Xcode 'outputs' to avoid re-running this script phase.\necho \"SUCCESS\" > \"${SCRIPT_OUTPUT_FILE_0}\"\n";
			showEnvVarsInLog = 0;
		};
/* End PBXShellScriptBuildPhase section */

/* Begin PBXSourcesBuildPhase section */
		0C81808C295105A7003829D8 /* Sources */ = {
			isa = PBXSourcesBuildPhase;
			buildActionMask = 2147483647;
			files = (
				0C818098295105A8003829D8 /* SignInViewController.swift in Sources */,
				0C818094295105A8003829D8 /* AppDelegate.swift in Sources */,
				0CA578962951E0F1005279D6 /* SignInDelegate.swift in Sources */,
				0C21B27A2951C56D005236DA /* SignUpViewController.swift in Sources */,
				0CA578942951DAEE005279D6 /* SignUpDelegate.swift in Sources */,
				0CCD3EF3295346CE00E54A04 /* User.swift in Sources */,
				0CA578922951DACD005279D6 /* SignUpHelper.swift in Sources */,
				0C818096295105A8003829D8 /* SceneDelegate.swift in Sources */,
				0C21B27C2951D548005236DA /* SignInHelper.swift in Sources */,
			);
			runOnlyForDeploymentPostprocessing = 0;
		};
		0C8180A2295105AC003829D8 /* Sources */ = {
			isa = PBXSourcesBuildPhase;
			buildActionMask = 2147483647;
			files = (
				0C8180AB295105AC003829D8 /* FitJourneyTests.swift in Sources */,
			);
			runOnlyForDeploymentPostprocessing = 0;
		};
		0C8180AC295105AC003829D8 /* Sources */ = {
			isa = PBXSourcesBuildPhase;
			buildActionMask = 2147483647;
			files = (
				0C8180B5295105AC003829D8 /* FitJourneyUITests.swift in Sources */,
				0C8180B7295105AC003829D8 /* FitJourneyUITestsLaunchTests.swift in Sources */,
			);
			runOnlyForDeploymentPostprocessing = 0;
		};
/* End PBXSourcesBuildPhase section */

/* Begin PBXTargetDependency section */
		0C8180A8295105AC003829D8 /* PBXTargetDependency */ = {
			isa = PBXTargetDependency;
			target = 0C81808F295105A7003829D8 /* FitJourney */;
			targetProxy = 0C8180A7295105AC003829D8 /* PBXContainerItemProxy */;
		};
		0C8180B2295105AC003829D8 /* PBXTargetDependency */ = {
			isa = PBXTargetDependency;
			target = 0C81808F295105A7003829D8 /* FitJourney */;
			targetProxy = 0C8180B1295105AC003829D8 /* PBXContainerItemProxy */;
		};
/* End PBXTargetDependency section */

/* Begin PBXVariantGroup section */
		0C818099295105A8003829D8 /* Main.storyboard */ = {
			isa = PBXVariantGroup;
			children = (
				0C81809A295105A8003829D8 /* Base */,
			);
			name = Main.storyboard;
			sourceTree = "<group>";
		};
		0C81809E295105AB003829D8 /* LaunchScreen.storyboard */ = {
			isa = PBXVariantGroup;
			children = (
				0C81809F295105AB003829D8 /* Base */,
			);
			name = LaunchScreen.storyboard;
			sourceTree = "<group>";
		};
/* End PBXVariantGroup section */

/* Begin XCBuildConfiguration section */
		0C8180B8295105AC003829D8 /* Debug */ = {
			isa = XCBuildConfiguration;
			buildSettings = {
				ALWAYS_SEARCH_USER_PATHS = NO;
				CLANG_ANALYZER_NONNULL = YES;
				CLANG_ANALYZER_NUMBER_OBJECT_CONVERSION = YES_AGGRESSIVE;
				CLANG_CXX_LANGUAGE_STANDARD = "gnu++20";
				CLANG_ENABLE_MODULES = YES;
				CLANG_ENABLE_OBJC_ARC = YES;
				CLANG_ENABLE_OBJC_WEAK = YES;
				CLANG_WARN_BLOCK_CAPTURE_AUTORELEASING = YES;
				CLANG_WARN_BOOL_CONVERSION = YES;
				CLANG_WARN_COMMA = YES;
				CLANG_WARN_CONSTANT_CONVERSION = YES;
				CLANG_WARN_DEPRECATED_OBJC_IMPLEMENTATIONS = YES;
				CLANG_WARN_DIRECT_OBJC_ISA_USAGE = YES_ERROR;
				CLANG_WARN_DOCUMENTATION_COMMENTS = YES;
				CLANG_WARN_EMPTY_BODY = YES;
				CLANG_WARN_ENUM_CONVERSION = YES;
				CLANG_WARN_INFINITE_RECURSION = YES;
				CLANG_WARN_INT_CONVERSION = YES;
				CLANG_WARN_NON_LITERAL_NULL_CONVERSION = YES;
				CLANG_WARN_OBJC_IMPLICIT_RETAIN_SELF = YES;
				CLANG_WARN_OBJC_LITERAL_CONVERSION = YES;
				CLANG_WARN_OBJC_ROOT_CLASS = YES_ERROR;
				CLANG_WARN_QUOTED_INCLUDE_IN_FRAMEWORK_HEADER = YES;
				CLANG_WARN_RANGE_LOOP_ANALYSIS = YES;
				CLANG_WARN_STRICT_PROTOTYPES = YES;
				CLANG_WARN_SUSPICIOUS_MOVE = YES;
				CLANG_WARN_UNGUARDED_AVAILABILITY = YES_AGGRESSIVE;
				CLANG_WARN_UNREACHABLE_CODE = YES;
				CLANG_WARN__DUPLICATE_METHOD_MATCH = YES;
				COPY_PHASE_STRIP = NO;
				DEBUG_INFORMATION_FORMAT = dwarf;
				ENABLE_STRICT_OBJC_MSGSEND = YES;
				ENABLE_TESTABILITY = YES;
				GCC_C_LANGUAGE_STANDARD = gnu11;
				GCC_DYNAMIC_NO_PIC = NO;
				GCC_NO_COMMON_BLOCKS = YES;
				GCC_OPTIMIZATION_LEVEL = 0;
				GCC_PREPROCESSOR_DEFINITIONS = (
					"DEBUG=1",
					"$(inherited)",
				);
				GCC_WARN_64_TO_32_BIT_CONVERSION = YES;
				GCC_WARN_ABOUT_RETURN_TYPE = YES_ERROR;
				GCC_WARN_UNDECLARED_SELECTOR = YES;
				GCC_WARN_UNINITIALIZED_AUTOS = YES_AGGRESSIVE;
				GCC_WARN_UNUSED_FUNCTION = YES;
				GCC_WARN_UNUSED_VARIABLE = YES;
				IPHONEOS_DEPLOYMENT_TARGET = 16.1;
				MTL_ENABLE_DEBUG_INFO = INCLUDE_SOURCE;
				MTL_FAST_MATH = YES;
				ONLY_ACTIVE_ARCH = YES;
				SDKROOT = iphoneos;
				SWIFT_ACTIVE_COMPILATION_CONDITIONS = DEBUG;
				SWIFT_OPTIMIZATION_LEVEL = "-Onone";
			};
			name = Debug;
		};
		0C8180B9295105AC003829D8 /* Release */ = {
			isa = XCBuildConfiguration;
			buildSettings = {
				ALWAYS_SEARCH_USER_PATHS = NO;
				CLANG_ANALYZER_NONNULL = YES;
				CLANG_ANALYZER_NUMBER_OBJECT_CONVERSION = YES_AGGRESSIVE;
				CLANG_CXX_LANGUAGE_STANDARD = "gnu++20";
				CLANG_ENABLE_MODULES = YES;
				CLANG_ENABLE_OBJC_ARC = YES;
				CLANG_ENABLE_OBJC_WEAK = YES;
				CLANG_WARN_BLOCK_CAPTURE_AUTORELEASING = YES;
				CLANG_WARN_BOOL_CONVERSION = YES;
				CLANG_WARN_COMMA = YES;
				CLANG_WARN_CONSTANT_CONVERSION = YES;
				CLANG_WARN_DEPRECATED_OBJC_IMPLEMENTATIONS = YES;
				CLANG_WARN_DIRECT_OBJC_ISA_USAGE = YES_ERROR;
				CLANG_WARN_DOCUMENTATION_COMMENTS = YES;
				CLANG_WARN_EMPTY_BODY = YES;
				CLANG_WARN_ENUM_CONVERSION = YES;
				CLANG_WARN_INFINITE_RECURSION = YES;
				CLANG_WARN_INT_CONVERSION = YES;
				CLANG_WARN_NON_LITERAL_NULL_CONVERSION = YES;
				CLANG_WARN_OBJC_IMPLICIT_RETAIN_SELF = YES;
				CLANG_WARN_OBJC_LITERAL_CONVERSION = YES;
				CLANG_WARN_OBJC_ROOT_CLASS = YES_ERROR;
				CLANG_WARN_QUOTED_INCLUDE_IN_FRAMEWORK_HEADER = YES;
				CLANG_WARN_RANGE_LOOP_ANALYSIS = YES;
				CLANG_WARN_STRICT_PROTOTYPES = YES;
				CLANG_WARN_SUSPICIOUS_MOVE = YES;
				CLANG_WARN_UNGUARDED_AVAILABILITY = YES_AGGRESSIVE;
				CLANG_WARN_UNREACHABLE_CODE = YES;
				CLANG_WARN__DUPLICATE_METHOD_MATCH = YES;
				COPY_PHASE_STRIP = NO;
				DEBUG_INFORMATION_FORMAT = "dwarf-with-dsym";
				ENABLE_NS_ASSERTIONS = NO;
				ENABLE_STRICT_OBJC_MSGSEND = YES;
				GCC_C_LANGUAGE_STANDARD = gnu11;
				GCC_NO_COMMON_BLOCKS = YES;
				GCC_WARN_64_TO_32_BIT_CONVERSION = YES;
				GCC_WARN_ABOUT_RETURN_TYPE = YES_ERROR;
				GCC_WARN_UNDECLARED_SELECTOR = YES;
				GCC_WARN_UNINITIALIZED_AUTOS = YES_AGGRESSIVE;
				GCC_WARN_UNUSED_FUNCTION = YES;
				GCC_WARN_UNUSED_VARIABLE = YES;
				IPHONEOS_DEPLOYMENT_TARGET = 16.1;
				MTL_ENABLE_DEBUG_INFO = NO;
				MTL_FAST_MATH = YES;
				SDKROOT = iphoneos;
				SWIFT_COMPILATION_MODE = wholemodule;
				SWIFT_OPTIMIZATION_LEVEL = "-O";
				VALIDATE_PRODUCT = YES;
			};
			name = Release;
		};
		0C8180BB295105AC003829D8 /* Debug */ = {
			isa = XCBuildConfiguration;
			baseConfigurationReference = 46CA33BD5B1DDC96340E1365 /* Pods-FitJourney.debug.xcconfig */;
			buildSettings = {
				ASSETCATALOG_COMPILER_APPICON_NAME = AppIcon;
				ASSETCATALOG_COMPILER_GLOBAL_ACCENT_COLOR_NAME = AccentColor;
				CODE_SIGN_STYLE = Automatic;
				CURRENT_PROJECT_VERSION = 1;
				DEVELOPMENT_TEAM = "";
				GENERATE_INFOPLIST_FILE = YES;
				INFOPLIST_FILE = FitJourney/Info.plist;
				INFOPLIST_KEY_UIApplicationSupportsIndirectInputEvents = YES;
				INFOPLIST_KEY_UILaunchStoryboardName = LaunchScreen;
				INFOPLIST_KEY_UIMainStoryboardFile = Main;
				INFOPLIST_KEY_UISupportedInterfaceOrientations_iPad = "UIInterfaceOrientationPortrait UIInterfaceOrientationPortraitUpsideDown UIInterfaceOrientationLandscapeLeft UIInterfaceOrientationLandscapeRight";
				INFOPLIST_KEY_UISupportedInterfaceOrientations_iPhone = "UIInterfaceOrientationPortrait UIInterfaceOrientationLandscapeLeft UIInterfaceOrientationLandscapeRight";
				IPHONEOS_DEPLOYMENT_TARGET = 16.1;
				LD_RUNPATH_SEARCH_PATHS = (
					"$(inherited)",
					"@executable_path/Frameworks",
				);
				MARKETING_VERSION = 1.0;
				PRODUCT_BUNDLE_IDENTIFIER = comp319b.project.FitJourney;
				PRODUCT_NAME = "$(TARGET_NAME)";
				SWIFT_EMIT_LOC_STRINGS = YES;
				SWIFT_VERSION = 5.0;
				TARGETED_DEVICE_FAMILY = "1,2";
			};
			name = Debug;
		};
		0C8180BC295105AC003829D8 /* Release */ = {
			isa = XCBuildConfiguration;
			baseConfigurationReference = 8C2F20332D0A58D3068C85DA /* Pods-FitJourney.release.xcconfig */;
			buildSettings = {
				ASSETCATALOG_COMPILER_APPICON_NAME = AppIcon;
				ASSETCATALOG_COMPILER_GLOBAL_ACCENT_COLOR_NAME = AccentColor;
				CODE_SIGN_STYLE = Automatic;
				CURRENT_PROJECT_VERSION = 1;
				DEVELOPMENT_TEAM = "";
				GENERATE_INFOPLIST_FILE = YES;
				INFOPLIST_FILE = FitJourney/Info.plist;
				INFOPLIST_KEY_UIApplicationSupportsIndirectInputEvents = YES;
				INFOPLIST_KEY_UILaunchStoryboardName = LaunchScreen;
				INFOPLIST_KEY_UIMainStoryboardFile = Main;
				INFOPLIST_KEY_UISupportedInterfaceOrientations_iPad = "UIInterfaceOrientationPortrait UIInterfaceOrientationPortraitUpsideDown UIInterfaceOrientationLandscapeLeft UIInterfaceOrientationLandscapeRight";
				INFOPLIST_KEY_UISupportedInterfaceOrientations_iPhone = "UIInterfaceOrientationPortrait UIInterfaceOrientationLandscapeLeft UIInterfaceOrientationLandscapeRight";
				IPHONEOS_DEPLOYMENT_TARGET = 16.1;
				LD_RUNPATH_SEARCH_PATHS = (
					"$(inherited)",
					"@executable_path/Frameworks",
				);
				MARKETING_VERSION = 1.0;
				PRODUCT_BUNDLE_IDENTIFIER = comp319b.project.FitJourney;
				PRODUCT_NAME = "$(TARGET_NAME)";
				SWIFT_EMIT_LOC_STRINGS = YES;
				SWIFT_VERSION = 5.0;
				TARGETED_DEVICE_FAMILY = "1,2";
			};
			name = Release;
		};
		0C8180BE295105AC003829D8 /* Debug */ = {
			isa = XCBuildConfiguration;
			baseConfigurationReference = 09AE7ED1205FA904894518F0 /* Pods-FitJourneyTests.debug.xcconfig */;
			buildSettings = {
				ALWAYS_EMBED_SWIFT_STANDARD_LIBRARIES = YES;
				BUNDLE_LOADER = "$(TEST_HOST)";
				CODE_SIGN_STYLE = Automatic;
				CURRENT_PROJECT_VERSION = 1;
				DEVELOPMENT_TEAM = 7FD883PKJS;
				GENERATE_INFOPLIST_FILE = YES;
				IPHONEOS_DEPLOYMENT_TARGET = 16.1;
				MARKETING_VERSION = 1.0;
				PRODUCT_BUNDLE_IDENTIFIER = comp319b.project.FitJourneyTests;
				PRODUCT_NAME = "$(TARGET_NAME)";
				SWIFT_EMIT_LOC_STRINGS = NO;
				SWIFT_VERSION = 5.0;
				TARGETED_DEVICE_FAMILY = "1,2";
				TEST_HOST = "$(BUILT_PRODUCTS_DIR)/FitJourney.app/$(BUNDLE_EXECUTABLE_FOLDER_PATH)/FitJourney";
			};
			name = Debug;
		};
		0C8180BF295105AC003829D8 /* Release */ = {
			isa = XCBuildConfiguration;
			baseConfigurationReference = CAE9BCA61B3DD9CFC62A1E2F /* Pods-FitJourneyTests.release.xcconfig */;
			buildSettings = {
				ALWAYS_EMBED_SWIFT_STANDARD_LIBRARIES = YES;
				BUNDLE_LOADER = "$(TEST_HOST)";
				CODE_SIGN_STYLE = Automatic;
				CURRENT_PROJECT_VERSION = 1;
				DEVELOPMENT_TEAM = 7FD883PKJS;
				GENERATE_INFOPLIST_FILE = YES;
				IPHONEOS_DEPLOYMENT_TARGET = 16.1;
				MARKETING_VERSION = 1.0;
				PRODUCT_BUNDLE_IDENTIFIER = comp319b.project.FitJourneyTests;
				PRODUCT_NAME = "$(TARGET_NAME)";
				SWIFT_EMIT_LOC_STRINGS = NO;
				SWIFT_VERSION = 5.0;
				TARGETED_DEVICE_FAMILY = "1,2";
				TEST_HOST = "$(BUILT_PRODUCTS_DIR)/FitJourney.app/$(BUNDLE_EXECUTABLE_FOLDER_PATH)/FitJourney";
			};
			name = Release;
		};
		0C8180C1295105AC003829D8 /* Debug */ = {
			isa = XCBuildConfiguration;
			baseConfigurationReference = 16F69EE4EA6DB613C1D773D2 /* Pods-FitJourney-FitJourneyUITests.debug.xcconfig */;
			buildSettings = {
				ALWAYS_EMBED_SWIFT_STANDARD_LIBRARIES = YES;
				CODE_SIGN_STYLE = Automatic;
				CURRENT_PROJECT_VERSION = 1;
				DEVELOPMENT_TEAM = 7FD883PKJS;
				GENERATE_INFOPLIST_FILE = YES;
				MARKETING_VERSION = 1.0;
				PRODUCT_BUNDLE_IDENTIFIER = comp319b.project.FitJourneyUITests;
				PRODUCT_NAME = "$(TARGET_NAME)";
				SWIFT_EMIT_LOC_STRINGS = NO;
				SWIFT_VERSION = 5.0;
				TARGETED_DEVICE_FAMILY = "1,2";
				TEST_TARGET_NAME = FitJourney;
			};
			name = Debug;
		};
		0C8180C2295105AC003829D8 /* Release */ = {
			isa = XCBuildConfiguration;
			baseConfigurationReference = 72DFE31FCB5D8D8FEF93E178 /* Pods-FitJourney-FitJourneyUITests.release.xcconfig */;
			buildSettings = {
				ALWAYS_EMBED_SWIFT_STANDARD_LIBRARIES = YES;
				CODE_SIGN_STYLE = Automatic;
				CURRENT_PROJECT_VERSION = 1;
				DEVELOPMENT_TEAM = 7FD883PKJS;
				GENERATE_INFOPLIST_FILE = YES;
				MARKETING_VERSION = 1.0;
				PRODUCT_BUNDLE_IDENTIFIER = comp319b.project.FitJourneyUITests;
				PRODUCT_NAME = "$(TARGET_NAME)";
				SWIFT_EMIT_LOC_STRINGS = NO;
				SWIFT_VERSION = 5.0;
				TARGETED_DEVICE_FAMILY = "1,2";
				TEST_TARGET_NAME = FitJourney;
			};
			name = Release;
		};
/* End XCBuildConfiguration section */

/* Begin XCConfigurationList section */
		0C81808B295105A7003829D8 /* Build configuration list for PBXProject "FitJourney" */ = {
			isa = XCConfigurationList;
			buildConfigurations = (
				0C8180B8295105AC003829D8 /* Debug */,
				0C8180B9295105AC003829D8 /* Release */,
			);
			defaultConfigurationIsVisible = 0;
			defaultConfigurationName = Release;
		};
		0C8180BA295105AC003829D8 /* Build configuration list for PBXNativeTarget "FitJourney" */ = {
			isa = XCConfigurationList;
			buildConfigurations = (
				0C8180BB295105AC003829D8 /* Debug */,
				0C8180BC295105AC003829D8 /* Release */,
			);
			defaultConfigurationIsVisible = 0;
			defaultConfigurationName = Release;
		};
		0C8180BD295105AC003829D8 /* Build configuration list for PBXNativeTarget "FitJourneyTests" */ = {
			isa = XCConfigurationList;
			buildConfigurations = (
				0C8180BE295105AC003829D8 /* Debug */,
				0C8180BF295105AC003829D8 /* Release */,
			);
			defaultConfigurationIsVisible = 0;
			defaultConfigurationName = Release;
		};
		0C8180C0295105AC003829D8 /* Build configuration list for PBXNativeTarget "FitJourneyUITests" */ = {
			isa = XCConfigurationList;
			buildConfigurations = (
				0C8180C1295105AC003829D8 /* Debug */,
				0C8180C2295105AC003829D8 /* Release */,
			);
			defaultConfigurationIsVisible = 0;
			defaultConfigurationName = Release;
		};
/* End XCConfigurationList section */

/* Begin XCRemoteSwiftPackageReference section */
		0C8180C5295116A6003829D8 /* XCRemoteSwiftPackageReference "firebase-ios-sdk" */ = {
			isa = XCRemoteSwiftPackageReference;
			repositoryURL = "https://github.com/firebase/firebase-ios-sdk";
			requirement = {
				kind = upToNextMajorVersion;
				minimumVersion = 9.0.0;
			};
		};
/* End XCRemoteSwiftPackageReference section */

/* Begin XCSwiftPackageProductDependency section */
		0C0D5ED929534EA70034F6EB /* FirebaseFirestore */ = {
			isa = XCSwiftPackageProductDependency;
			package = 0C8180C5295116A6003829D8 /* XCRemoteSwiftPackageReference "firebase-ios-sdk" */;
			productName = FirebaseFirestore;
		};
		0C0D5EDB2953515C0034F6EB /* FirebaseAnalyticsOnDeviceConversion */ = {
			isa = XCSwiftPackageProductDependency;
			package = 0C8180C5295116A6003829D8 /* XCRemoteSwiftPackageReference "firebase-ios-sdk" */;
			productName = FirebaseAnalyticsOnDeviceConversion;
		};
		0C0D5EDD2953517E0034F6EB /* FirebaseAnalyticsWithoutAdIdSupport */ = {
			isa = XCSwiftPackageProductDependency;
			package = 0C8180C5295116A6003829D8 /* XCRemoteSwiftPackageReference "firebase-ios-sdk" */;
			productName = FirebaseAnalyticsWithoutAdIdSupport;
		};
		0C0D5EDF2953517E0034F6EB /* FirebaseAppCheck */ = {
			isa = XCSwiftPackageProductDependency;
			package = 0C8180C5295116A6003829D8 /* XCRemoteSwiftPackageReference "firebase-ios-sdk" */;
			productName = FirebaseAppCheck;
		};
		0C0D5EE12953517E0034F6EB /* FirebaseAppDistribution-Beta */ = {
			isa = XCSwiftPackageProductDependency;
			package = 0C8180C5295116A6003829D8 /* XCRemoteSwiftPackageReference "firebase-ios-sdk" */;
			productName = "FirebaseAppDistribution-Beta";
		};
		0C0D5EE32953517E0034F6EB /* FirebaseAuth */ = {
			isa = XCSwiftPackageProductDependency;
			package = 0C8180C5295116A6003829D8 /* XCRemoteSwiftPackageReference "firebase-ios-sdk" */;
			productName = FirebaseAuth;
		};
		0C0D5EE52953517F0034F6EB /* FirebaseAuthCombine-Community */ = {
			isa = XCSwiftPackageProductDependency;
			package = 0C8180C5295116A6003829D8 /* XCRemoteSwiftPackageReference "firebase-ios-sdk" */;
			productName = "FirebaseAuthCombine-Community";
		};
		0C0D5EE72953517F0034F6EB /* FirebaseCrashlytics */ = {
			isa = XCSwiftPackageProductDependency;
			package = 0C8180C5295116A6003829D8 /* XCRemoteSwiftPackageReference "firebase-ios-sdk" */;
			productName = FirebaseCrashlytics;
		};
		0C0D5EE92953517F0034F6EB /* FirebaseDatabase */ = {
			isa = XCSwiftPackageProductDependency;
			package = 0C8180C5295116A6003829D8 /* XCRemoteSwiftPackageReference "firebase-ios-sdk" */;
			productName = FirebaseDatabase;
		};
		0C0D5EEB2953517F0034F6EB /* FirebaseDatabaseSwift */ = {
			isa = XCSwiftPackageProductDependency;
			package = 0C8180C5295116A6003829D8 /* XCRemoteSwiftPackageReference "firebase-ios-sdk" */;
			productName = FirebaseDatabaseSwift;
		};
		0C0D5EED2953517F0034F6EB /* FirebaseDynamicLinks */ = {
			isa = XCSwiftPackageProductDependency;
			package = 0C8180C5295116A6003829D8 /* XCRemoteSwiftPackageReference "firebase-ios-sdk" */;
			productName = FirebaseDynamicLinks;
		};
		0C0D5EEF2953517F0034F6EB /* FirebaseFirestoreCombine-Community */ = {
			isa = XCSwiftPackageProductDependency;
			package = 0C8180C5295116A6003829D8 /* XCRemoteSwiftPackageReference "firebase-ios-sdk" */;
			productName = "FirebaseFirestoreCombine-Community";
		};
		0C0D5EF12953517F0034F6EB /* FirebaseFirestoreSwift */ = {
			isa = XCSwiftPackageProductDependency;
			package = 0C8180C5295116A6003829D8 /* XCRemoteSwiftPackageReference "firebase-ios-sdk" */;
			productName = FirebaseFirestoreSwift;
		};
		0C0D5EF32953517F0034F6EB /* FirebaseFunctions */ = {
			isa = XCSwiftPackageProductDependency;
			package = 0C8180C5295116A6003829D8 /* XCRemoteSwiftPackageReference "firebase-ios-sdk" */;
			productName = FirebaseFunctions;
		};
		0C0D5EF52953517F0034F6EB /* FirebaseFunctionsCombine-Community */ = {
			isa = XCSwiftPackageProductDependency;
			package = 0C8180C5295116A6003829D8 /* XCRemoteSwiftPackageReference "firebase-ios-sdk" */;
			productName = "FirebaseFunctionsCombine-Community";
		};
		0C0D5EF72953517F0034F6EB /* FirebaseInAppMessaging-Beta */ = {
			isa = XCSwiftPackageProductDependency;
			package = 0C8180C5295116A6003829D8 /* XCRemoteSwiftPackageReference "firebase-ios-sdk" */;
			productName = "FirebaseInAppMessaging-Beta";
		};
		0C0D5EF92953517F0034F6EB /* FirebaseInAppMessagingSwift-Beta */ = {
			isa = XCSwiftPackageProductDependency;
			package = 0C8180C5295116A6003829D8 /* XCRemoteSwiftPackageReference "firebase-ios-sdk" */;
			productName = "FirebaseInAppMessagingSwift-Beta";
		};
		0C0D5EFB2953517F0034F6EB /* FirebaseInstallations */ = {
			isa = XCSwiftPackageProductDependency;
			package = 0C8180C5295116A6003829D8 /* XCRemoteSwiftPackageReference "firebase-ios-sdk" */;
			productName = FirebaseInstallations;
		};
		0C0D5EFD2953517F0034F6EB /* FirebaseMessaging */ = {
			isa = XCSwiftPackageProductDependency;
			package = 0C8180C5295116A6003829D8 /* XCRemoteSwiftPackageReference "firebase-ios-sdk" */;
			productName = FirebaseMessaging;
		};
		0C0D5EFF295351800034F6EB /* FirebaseMLModelDownloader */ = {
			isa = XCSwiftPackageProductDependency;
			package = 0C8180C5295116A6003829D8 /* XCRemoteSwiftPackageReference "firebase-ios-sdk" */;
			productName = FirebaseMLModelDownloader;
		};
		0C0D5F01295351800034F6EB /* FirebasePerformance */ = {
			isa = XCSwiftPackageProductDependency;
			package = 0C8180C5295116A6003829D8 /* XCRemoteSwiftPackageReference "firebase-ios-sdk" */;
			productName = FirebasePerformance;
		};
		0C0D5F03295351800034F6EB /* FirebaseRemoteConfig */ = {
			isa = XCSwiftPackageProductDependency;
			package = 0C8180C5295116A6003829D8 /* XCRemoteSwiftPackageReference "firebase-ios-sdk" */;
			productName = FirebaseRemoteConfig;
		};
		0C0D5F05295351800034F6EB /* FirebaseRemoteConfigSwift */ = {
			isa = XCSwiftPackageProductDependency;
			package = 0C8180C5295116A6003829D8 /* XCRemoteSwiftPackageReference "firebase-ios-sdk" */;
			productName = FirebaseRemoteConfigSwift;
		};
		0C0D5F07295351800034F6EB /* FirebaseStorageCombine-Community */ = {
			isa = XCSwiftPackageProductDependency;
			package = 0C8180C5295116A6003829D8 /* XCRemoteSwiftPackageReference "firebase-ios-sdk" */;
			productName = "FirebaseStorageCombine-Community";
		};
		0C8180C6295116A6003829D8 /* FirebaseAnalytics */ = {
			isa = XCSwiftPackageProductDependency;
			package = 0C8180C5295116A6003829D8 /* XCRemoteSwiftPackageReference "firebase-ios-sdk" */;
			productName = FirebaseAnalytics;
		};
		0C8180C8295116A6003829D8 /* FirebaseAnalyticsSwift */ = {
			isa = XCSwiftPackageProductDependency;
			package = 0C8180C5295116A6003829D8 /* XCRemoteSwiftPackageReference "firebase-ios-sdk" */;
			productName = FirebaseAnalyticsSwift;
		};
		0CCD3EF02953431200E54A04 /* FirebaseStorage */ = {
			isa = XCSwiftPackageProductDependency;
			package = 0C8180C5295116A6003829D8 /* XCRemoteSwiftPackageReference "firebase-ios-sdk" */;
			productName = FirebaseStorage;
		};
/* End XCSwiftPackageProductDependency section */
	};
	rootObject = 0C818088295105A7003829D8 /* Project object */;
}
